
Microsoft Visual Studio Solution File, Format Version 12.00
# Visual Studio 15
VisualStudioVersion = 15.0.28307.329
MinimumVisualStudioVersion = 10.0.40219.1
Project("{9A19103F-16F7-4668-BE54-9A1E7A4F7556}") = "Drop7", "Drop7\Drop7.csproj", "{51A7137C-46BA-4299-B846-56A11629D5D1}"
EndProject
Project("{9A19103F-16F7-4668-BE54-9A1E7A4F7556}") = "Drop7.CNN", "Drop7.CNN\Drop7.CNN.csproj", "{934BCE78-1D52-4910-9254-937C3E8BF9D1}"
EndProject
Project("{FAE04EC0-301F-11D3-BF4B-00C04F79EFBC}") = "Drop7.Domain", "Drop7.Domain\Drop7.Domain.csproj", "{137ED554-895D-4642-8266-0D10AA8202BE}"
EndProject
Global
	GlobalSection(SolutionConfigurationPlatforms) = preSolution
		Debug|Any CPU = Debug|Any CPU
		Release|Any CPU = Release|Any CPU
	EndGlobalSection
	GlobalSection(ProjectConfigurationPlatforms) = postSolution
		{51A7137C-46BA-4299-B846-56A11629D5D1}.Debug|Any CPU.ActiveCfg = Debug|Any CPU
		{51A7137C-46BA-4299-B846-56A11629D5D1}.Debug|Any CPU.Build.0 = Debug|Any CPU
		{51A7137C-46BA-4299-B846-56A11629D5D1}.Release|Any CPU.ActiveCfg = Release|Any CPU
		{51A7137C-46BA-4299-B846-56A11629D5D1}.Release|Any CPU.Build.0 = Release|Any CPU
		{934BCE78-1D52-4910-9254-937C3E8BF9D1}.Debug|Any CPU.ActiveCfg = Debug|Any CPU
		{934BCE78-1D52-4910-9254-937C3E8BF9D1}.Debug|Any CPU.Build.0 = Debug|Any CPU
		{934BCE78-1D52-4910-9254-937C3E8BF9D1}.Release|Any CPU.ActiveCfg = Release|Any CPU
		{934BCE78-1D52-4910-9254-937C3E8BF9D1}.Release|Any CPU.Build.0 = Release|Any CPU
		{137ED554-895D-4642-8266-0D10AA8202BE}.Debug|Any CPU.ActiveCfg = Debug|Any CPU
		{137ED554-895D-4642-8266-0D10AA8202BE}.Debug|Any CPU.Build.0 = Debug|Any CPU
		{137ED554-895D-4642-8266-0D10AA8202BE}.Release|Any CPU.ActiveCfg = Release|Any CPU
		{137ED554-895D-4642-8266-0D10AA8202BE}.Release|Any CPU.Build.0 = Release|Any CPU
	EndGlobalSection
	GlobalSection(SolutionProperties) = preSolution
		HideSolutionNode = FALSE
	EndGlobalSection
	GlobalSection(ExtensibilityGlobals) = postSolution
		SolutionGuid = {F91A2096-19EA-469C-B428-1EFB7D12C813}
	EndGlobalSection
EndGlobal
